
Microsoft Visual Studio Solution File, Format Version 12.00
# Visual Studio Version 17
VisualStudioVersion = 17.10.35013.160
MinimumVisualStudioVersion = 10.0.40219.1
Project("{FAE04EC0-301F-11D3-BF4B-00C04F79EFBC}") = "API_OVH", "API_OVH\API_OVH.csproj", "{2D6C79AA-0D75-4FEB-A0A2-6242506BFA9F}"
EndProject
Global
	GlobalSection(SolutionConfigurationPlatforms) = preSolution
		Debug|Any CPU = Debug|Any CPU
		Release|Any CPU = Release|Any CPU
	EndGlobalSection
	GlobalSection(ProjectConfigurationPlatforms) = postSolution
		{2D6C79AA-0D75-4FEB-A0A2-6242506BFA9F}.Debug|Any CPU.ActiveCfg = Debug|Any CPU
		{2D6C79AA-0D75-4FEB-A0A2-6242506BFA9F}.Debug|Any CPU.Build.0 = Debug|Any CPU
		{2D6C79AA-0D75-4FEB-A0A2-6242506BFA9F}.Release|Any CPU.ActiveCfg = Release|Any CPU
		{2D6C79AA-0D75-4FEB-A0A2-6242506BFA9F}.Release|Any CPU.Build.0 = Release|Any CPU
	EndGlobalSection
	GlobalSection(SolutionProperties) = preSolution
		HideSolutionNode = FALSE
	EndGlobalSection
	GlobalSection(ExtensibilityGlobals) = postSolution
		SolutionGuid = {757DAD58-BE93-4D5B-B172-68BFF49C4A52}
	EndGlobalSection
EndGlobal
